# This file is automatically @generated by Cargo.
# It is not intended for manual editing.
version = 4

[[package]]
name = "cortex-m"
version = "0.1.0"

[[package]]
name = "panic-halt"
version = "0.1.0"

[[package]]
name = "stm32f103rbt6"
version = "0.1.0"
dependencies = [
 "cortex-m",
 "panic-halt",
]
